
Microsoft Visual Studio Solution File, Format Version 12.00
Project("{FAE04EC0-301F-11D3-BF4B-00C04F79EFBC}") = "apbd-cw2-s32977", "apbd-cw2-s32977\apbd-cw2-s32977.csproj", "{8EA5CEAA-5289-40E1-B2E6-5C86B352A078}"
EndProject
Global
	GlobalSection(SolutionConfigurationPlatforms) = preSolution
		Debug|Any CPU = Debug|Any CPU
		Release|Any CPU = Release|Any CPU
	EndGlobalSection
	GlobalSection(ProjectConfigurationPlatforms) = postSolution
		{8EA5CEAA-5289-40E1-B2E6-5C86B352A078}.Debug|Any CPU.ActiveCfg = Debug|Any CPU
		{8EA5CEAA-5289-40E1-B2E6-5C86B352A078}.Debug|Any CPU.Build.0 = Debug|Any CPU
		{8EA5CEAA-5289-40E1-B2E6-5C86B352A078}.Release|Any CPU.ActiveCfg = Release|Any CPU
		{8EA5CEAA-5289-40E1-B2E6-5C86B352A078}.Release|Any CPU.Build.0 = Release|Any CPU
	EndGlobalSection
EndGlobal
